
Microsoft Visual Studio Solution File, Format Version 12.00
# Visual Studio 15
VisualStudioVersion = 15.0.27130.2036
MinimumVisualStudioVersion = 10.0.40219.1
Project("{FAE04EC0-301F-11D3-BF4B-00C04F79EFBC}") = "EventsLibrary", "EventsLibrary\EventsLibrary.csproj", "{58B40DA1-4F80-416D-AD40-D982B300880B}"
EndProject
Project("{FAE04EC0-301F-11D3-BF4B-00C04F79EFBC}") = "EventsLibHostWS", "EventsLibHostWS\EventsLibHostWS.csproj", "{0DFBF429-2AEC-415D-A34B-038394BB7D07}"
EndProject
Project("{FAE04EC0-301F-11D3-BF4B-00C04F79EFBC}") = "EventsClient", "EventsClient\EventsClient.csproj", "{FCA56C90-55DE-46FE-BD05-8278CA1F524D}"
EndProject
Global
	GlobalSection(SolutionConfigurationPlatforms) = preSolution
		Debug|Any CPU = Debug|Any CPU
		Release|Any CPU = Release|Any CPU
	EndGlobalSection
	GlobalSection(ProjectConfigurationPlatforms) = postSolution
		{58B40DA1-4F80-416D-AD40-D982B300880B}.Debug|Any CPU.ActiveCfg = Debug|Any CPU
		{58B40DA1-4F80-416D-AD40-D982B300880B}.Debug|Any CPU.Build.0 = Debug|Any CPU
		{58B40DA1-4F80-416D-AD40-D982B300880B}.Release|Any CPU.ActiveCfg = Release|Any CPU
		{58B40DA1-4F80-416D-AD40-D982B300880B}.Release|Any CPU.Build.0 = Release|Any CPU
		{0DFBF429-2AEC-415D-A34B-038394BB7D07}.Debug|Any CPU.ActiveCfg = Debug|Any CPU
		{0DFBF429-2AEC-415D-A34B-038394BB7D07}.Debug|Any CPU.Build.0 = Debug|Any CPU
		{0DFBF429-2AEC-415D-A34B-038394BB7D07}.Release|Any CPU.ActiveCfg = Release|Any CPU
		{0DFBF429-2AEC-415D-A34B-038394BB7D07}.Release|Any CPU.Build.0 = Release|Any CPU
		{FCA56C90-55DE-46FE-BD05-8278CA1F524D}.Debug|Any CPU.ActiveCfg = Debug|Any CPU
		{FCA56C90-55DE-46FE-BD05-8278CA1F524D}.Debug|Any CPU.Build.0 = Debug|Any CPU
		{FCA56C90-55DE-46FE-BD05-8278CA1F524D}.Release|Any CPU.ActiveCfg = Release|Any CPU
		{FCA56C90-55DE-46FE-BD05-8278CA1F524D}.Release|Any CPU.Build.0 = Release|Any CPU
	EndGlobalSection
	GlobalSection(SolutionProperties) = preSolution
		HideSolutionNode = FALSE
	EndGlobalSection
	GlobalSection(ExtensibilityGlobals) = postSolution
		SolutionGuid = {AE6FACCA-3737-407E-A12A-8C62EDCE6133}
	EndGlobalSection
EndGlobal
